// !$*UTF8*$!
{
	archiveVersion = 1;
	classes = {
	};
	objectVersion = 50;
	objects = {

/* Begin PBXBuildFile section */
		5ED3D18024DF293F00F2F7C4 /* AppDelegate.swift in Sources */ = {isa = PBXBuildFile; fileRef = 5ED3D17F24DF293F00F2F7C4 /* AppDelegate.swift */; };
		5ED3D18224DF293F00F2F7C4 /* SceneDelegate.swift in Sources */ = {isa = PBXBuildFile; fileRef = 5ED3D18124DF293F00F2F7C4 /* SceneDelegate.swift */; };
		5ED3D18624DF294100F2F7C4 /* Assets.xcassets in Resources */ = {isa = PBXBuildFile; fileRef = 5ED3D18524DF294100F2F7C4 /* Assets.xcassets */; };
		5ED3D18924DF294100F2F7C4 /* Preview Assets.xcassets in Resources */ = {isa = PBXBuildFile; fileRef = 5ED3D18824DF294100F2F7C4 /* Preview Assets.xcassets */; };
		5ED3D18C24DF294100F2F7C4 /* LaunchScreen.storyboard in Resources */ = {isa = PBXBuildFile; fileRef = 5ED3D18A24DF294100F2F7C4 /* LaunchScreen.storyboard */; };
		5ED3D19424DF297900F2F7C4 /* MemoryGame.swift in Sources */ = {isa = PBXBuildFile; fileRef = 5ED3D19324DF297900F2F7C4 /* MemoryGame.swift */; };
		5ED3D19624DF29B100F2F7C4 /* Array+Identifiable.swift in Sources */ = {isa = PBXBuildFile; fileRef = 5ED3D19524DF29B100F2F7C4 /* Array+Identifiable.swift */; };
		5ED3D19824DF29C800F2F7C4 /* Array+Only.swift in Sources */ = {isa = PBXBuildFile; fileRef = 5ED3D19724DF29C800F2F7C4 /* Array+Only.swift */; };
		5ED3D19A24DF2A1800F2F7C4 /* EmojiMemoryGame.swift in Sources */ = {isa = PBXBuildFile; fileRef = 5ED3D19924DF2A1800F2F7C4 /* EmojiMemoryGame.swift */; };
		5ED3D19C24DF2A3D00F2F7C4 /* Grid.swift in Sources */ = {isa = PBXBuildFile; fileRef = 5ED3D19B24DF2A3D00F2F7C4 /* Grid.swift */; };
		5ED3D1A024DF2A5D00F2F7C4 /* GridLayout.swift in Sources */ = {isa = PBXBuildFile; fileRef = 5ED3D19F24DF2A5D00F2F7C4 /* GridLayout.swift */; };
		5ED3D1A224DF2A7100F2F7C4 /* Pie.swift in Sources */ = {isa = PBXBuildFile; fileRef = 5ED3D1A124DF2A7100F2F7C4 /* Pie.swift */; };
		5ED3D1A424DF2A8B00F2F7C4 /* Cardify.swift in Sources */ = {isa = PBXBuildFile; fileRef = 5ED3D1A324DF2A8B00F2F7C4 /* Cardify.swift */; };
		5ED3D1A624DF2AF100F2F7C4 /* EmojiMemoryGameView.swift in Sources */ = {isa = PBXBuildFile; fileRef = 5ED3D1A524DF2AF100F2F7C4 /* EmojiMemoryGameView.swift */; };
/* End PBXBuildFile section */

/* Begin PBXFileReference section */
		5ED3D17C24DF293F00F2F7C4 /* Memory.app */ = {isa = PBXFileReference; explicitFileType = wrapper.application; includeInIndex = 0; path = Memory.app; sourceTree = BUILT_PRODUCTS_DIR; };
		5ED3D17F24DF293F00F2F7C4 /* AppDelegate.swift */ = {isa = PBXFileReference; lastKnownFileType = sourcecode.swift; path = AppDelegate.swift; sourceTree = "<group>"; };
		5ED3D18124DF293F00F2F7C4 /* SceneDelegate.swift */ = {isa = PBXFileReference; lastKnownFileType = sourcecode.swift; path = SceneDelegate.swift; sourceTree = "<group>"; };
		5ED3D18524DF294100F2F7C4 /* Assets.xcassets */ = {isa = PBXFileReference; lastKnownFileType = folder.assetcatalog; path = Assets.xcassets; sourceTree = "<group>"; };
		5ED3D18824DF294100F2F7C4 /* Preview Assets.xcassets */ = {isa = PBXFileReference; lastKnownFileType = folder.assetcatalog; path = "Preview Assets.xcassets"; sourceTree = "<group>"; };
		5ED3D18B24DF294100F2F7C4 /* Base */ = {isa = PBXFileReference; lastKnownFileType = file.storyboard; name = Base; path = Base.lproj/LaunchScreen.storyboard; sourceTree = "<group>"; };
		5ED3D18D24DF294100F2F7C4 /* Info.plist */ = {isa = PBXFileReference; lastKnownFileType = text.plist.xml; path = Info.plist; sourceTree = "<group>"; };
		5ED3D19324DF297900F2F7C4 /* MemoryGame.swift */ = {isa = PBXFileReference; lastKnownFileType = sourcecode.swift; path = MemoryGame.swift; sourceTree = "<group>"; };
		5ED3D19524DF29B100F2F7C4 /* Array+Identifiable.swift */ = {isa = PBXFileReference; lastKnownFileType = sourcecode.swift; path = "Array+Identifiable.swift"; sourceTree = "<group>"; };
		5ED3D19724DF29C800F2F7C4 /* Array+Only.swift */ = {isa = PBXFileReference; lastKnownFileType = sourcecode.swift; path = "Array+Only.swift"; sourceTree = "<group>"; };
		5ED3D19924DF2A1800F2F7C4 /* EmojiMemoryGame.swift */ = {isa = PBXFileReference; lastKnownFileType = sourcecode.swift; path = EmojiMemoryGame.swift; sourceTree = "<group>"; };
		5ED3D19B24DF2A3D00F2F7C4 /* Grid.swift */ = {isa = PBXFileReference; lastKnownFileType = sourcecode.swift; path = Grid.swift; sourceTree = "<group>"; };
		5ED3D19F24DF2A5D00F2F7C4 /* GridLayout.swift */ = {isa = PBXFileReference; lastKnownFileType = sourcecode.swift; path = GridLayout.swift; sourceTree = "<group>"; };
		5ED3D1A124DF2A7100F2F7C4 /* Pie.swift */ = {isa = PBXFileReference; lastKnownFileType = sourcecode.swift; path = Pie.swift; sourceTree = "<group>"; };
		5ED3D1A324DF2A8B00F2F7C4 /* Cardify.swift */ = {isa = PBXFileReference; lastKnownFileType = sourcecode.swift; path = Cardify.swift; sourceTree = "<group>"; };
		5ED3D1A524DF2AF100F2F7C4 /* EmojiMemoryGameView.swift */ = {isa = PBXFileReference; lastKnownFileType = sourcecode.swift; path = EmojiMemoryGameView.swift; sourceTree = "<group>"; };
/* End PBXFileReference section */

/* Begin PBXFrameworksBuildPhase section */
		5ED3D17924DF293F00F2F7C4 /* Frameworks */ = {
			isa = PBXFrameworksBuildPhase;
			buildActionMask = 2147483647;
			files = (
			);
			runOnlyForDeploymentPostprocessing = 0;
		};
/* End PBXFrameworksBuildPhase section */

/* Begin PBXGroup section */
		5ED3D17324DF293F00F2F7C4 = {
			isa = PBXGroup;
			children = (
				5ED3D17E24DF293F00F2F7C4 /* Memory */,
				5ED3D17D24DF293F00F2F7C4 /* Products */,
			);
			sourceTree = "<group>";
		};
		5ED3D17D24DF293F00F2F7C4 /* Products */ = {
			isa = PBXGroup;
			children = (
				5ED3D17C24DF293F00F2F7C4 /* Memory.app */,
			);
			name = Products;
			sourceTree = "<group>";
		};
		5ED3D17E24DF293F00F2F7C4 /* Memory */ = {
			isa = PBXGroup;
			children = (
				5ED3D1A524DF2AF100F2F7C4 /* EmojiMemoryGameView.swift */,
				5ED3D19F24DF2A5D00F2F7C4 /* GridLayout.swift */,
				5ED3D1A124DF2A7100F2F7C4 /* Pie.swift */,
				5ED3D1A324DF2A8B00F2F7C4 /* Cardify.swift */,
				5ED3D17F24DF293F00F2F7C4 /* AppDelegate.swift */,
				5ED3D19324DF297900F2F7C4 /* MemoryGame.swift */,
				5ED3D19524DF29B100F2F7C4 /* Array+Identifiable.swift */,
				5ED3D19724DF29C800F2F7C4 /* Array+Only.swift */,
				5ED3D18124DF293F00F2F7C4 /* SceneDelegate.swift */,
				5ED3D19924DF2A1800F2F7C4 /* EmojiMemoryGame.swift */,
				5ED3D19B24DF2A3D00F2F7C4 /* Grid.swift */,
				5ED3D18524DF294100F2F7C4 /* Assets.xcassets */,
				5ED3D18A24DF294100F2F7C4 /* LaunchScreen.storyboard */,
				5ED3D18D24DF294100F2F7C4 /* Info.plist */,
				5ED3D18724DF294100F2F7C4 /* Preview Content */,
			);
			path = Memory;
			sourceTree = "<group>";
		};
		5ED3D18724DF294100F2F7C4 /* Preview Content */ = {
			isa = PBXGroup;
			children = (
				5ED3D18824DF294100F2F7C4 /* Preview Assets.xcassets */,
			);
			path = "Preview Content";
			sourceTree = "<group>";
		};
/* End PBXGroup section */

/* Begin PBXNativeTarget section */
		5ED3D17B24DF293F00F2F7C4 /* Memory */ = {
			isa = PBXNativeTarget;
			buildConfigurationList = 5ED3D19024DF294100F2F7C4 /* Build configuration list for PBXNativeTarget "Memory" */;
			buildPhases = (
				5ED3D17824DF293F00F2F7C4 /* Sources */,
				5ED3D17924DF293F00F2F7C4 /* Frameworks */,
				5ED3D17A24DF293F00F2F7C4 /* Resources */,
			);
			buildRules = (
			);
			dependencies = (
			);
			name = Memory;
			productName = Memory;
			productReference = 5ED3D17C24DF293F00F2F7C4 /* Memory.app */;
			productType = "com.apple.product-type.application";
		};
/* End PBXNativeTarget section */

/* Begin PBXProject section */
		5ED3D17424DF293F00F2F7C4 /* Project object */ = {
			isa = PBXProject;
			attributes = {
				LastSwiftUpdateCheck = 1160;
				LastUpgradeCheck = 1160;
				ORGANIZATIONNAME = "Bowen Li";
				TargetAttributes = {
					5ED3D17B24DF293F00F2F7C4 = {
						CreatedOnToolsVersion = 11.6;
					};
				};
			};
			buildConfigurationList = 5ED3D17724DF293F00F2F7C4 /* Build configuration list for PBXProject "Memory" */;
			compatibilityVersion = "Xcode 9.3";
			developmentRegion = en;
			hasScannedForEncodings = 0;
			knownRegions = (
				en,
				Base,
			);
			mainGroup = 5ED3D17324DF293F00F2F7C4;
			productRefGroup = 5ED3D17D24DF293F00F2F7C4 /* Products */;
			projectDirPath = "";
			projectRoot = "";
			targets = (
				5ED3D17B24DF293F00F2F7C4 /* Memory */,
			);
		};
/* End PBXProject section */

/* Begin PBXResourcesBuildPhase section */
		5ED3D17A24DF293F00F2F7C4 /* Resources */ = {
			isa = PBXResourcesBuildPhase;
			buildActionMask = 2147483647;
			files = (
				5ED3D18C24DF294100F2F7C4 /* LaunchScreen.storyboard in Resources */,
				5ED3D18924DF294100F2F7C4 /* Preview Assets.xcassets in Resources */,
				5ED3D18624DF294100F2F7C4 /* Assets.xcassets in Resources */,
			);
			runOnlyForDeploymentPostprocessing = 0;
		};
/* End PBXResourcesBuildPhase section */

/* Begin PBXSourcesBuildPhase section */
		5ED3D17824DF293F00F2F7C4 /* Sources */ = {
			isa = PBXSourcesBuildPhase;
			buildActionMask = 2147483647;
			files = (
				5ED3D1A424DF2A8B00F2F7C4 /* Cardify.swift in Sources */,
				5ED3D1A624DF2AF100F2F7C4 /* EmojiMemoryGameView.swift in Sources */,
				5ED3D1A224DF2A7100F2F7C4 /* Pie.swift in Sources */,
				5ED3D19624DF29B100F2F7C4 /* Array+Identifiable.swift in Sources */,
				5ED3D18024DF293F00F2F7C4 /* AppDelegate.swift in Sources */,
				5ED3D18224DF293F00F2F7C4 /* SceneDelegate.swift in Sources */,
				5ED3D19C24DF2A3D00F2F7C4 /* Grid.swift in Sources */,
				5ED3D19824DF29C800F2F7C4 /* Array+Only.swift in Sources */,
				5ED3D19424DF297900F2F7C4 /* MemoryGame.swift in Sources */,
				5ED3D1A024DF2A5D00F2F7C4 /* GridLayout.swift in Sources */,
				5ED3D19A24DF2A1800F2F7C4 /* EmojiMemoryGame.swift in Sources */,
			);
			runOnlyForDeploymentPostprocessing = 0;
		};
/* End PBXSourcesBuildPhase section */

/* Begin PBXVariantGroup section */
		5ED3D18A24DF294100F2F7C4 /* LaunchScreen.storyboard */ = {
			isa = PBXVariantGroup;
			children = (
				5ED3D18B24DF294100F2F7C4 /* Base */,
			);
			name = LaunchScreen.storyboard;
			sourceTree = "<group>";
		};
/* End PBXVariantGroup section */

/* Begin XCBuildConfiguration section */
		5ED3D18E24DF294100F2F7C4 /* Debug */ = {
			isa = XCBuildConfiguration;
			buildSettings = {
				ALWAYS_SEARCH_USER_PATHS = NO;
				CLANG_ANALYZER_NONNULL = YES;
				CLANG_ANALYZER_NUMBER_OBJECT_CONVERSION = YES_AGGRESSIVE;
				CLANG_CXX_LANGUAGE_STANDARD = "gnu++14";
				CLANG_CXX_LIBRARY = "libc++";
				CLANG_ENABLE_MODULES = YES;
				CLANG_ENABLE_OBJC_ARC = YES;
				CLANG_ENABLE_OBJC_WEAK = YES;
				CLANG_WARN_BLOCK_CAPTURE_AUTORELEASING = YES;
				CLANG_WARN_BOOL_CONVERSION = YES;
				CLANG_WARN_COMMA = YES;
				CLANG_WARN_CONSTANT_CONVERSION = YES;
				CLANG_WARN_DEPRECATED_OBJC_IMPLEMENTATIONS = YES;
				CLANG_WARN_DIRECT_OBJC_ISA_USAGE = YES_ERROR;
				CLANG_WARN_DOCUMENTATION_COMMENTS = YES;
				CLANG_WARN_EMPTY_BODY = YES;
				CLANG_WARN_ENUM_CONVERSION = YES;
				CLANG_WARN_INFINITE_RECURSION = YES;
				CLANG_WARN_INT_CONVERSION = YES;
				CLANG_WARN_NON_LITERAL_NULL_CONVERSION = YES;
				CLANG_WARN_OBJC_IMPLICIT_RETAIN_SELF = YES;
				CLANG_WARN_OBJC_LITERAL_CONVERSION = YES;
				CLANG_WARN_OBJC_ROOT_CLASS = YES_ERROR;
				CLANG_WARN_RANGE_LOOP_ANALYSIS = YES;
				CLANG_WARN_STRICT_PROTOTYPES = YES;
				CLANG_WARN_SUSPICIOUS_MOVE = YES;
				CLANG_WARN_UNGUARDED_AVAILABILITY = YES_AGGRESSIVE;
				CLANG_WARN_UNREACHABLE_CODE = YES;
				CLANG_WARN__DUPLICATE_METHOD_MATCH = YES;
				COPY_PHASE_STRIP = NO;
				DEBUG_INFORMATION_FORMAT = dwarf;
				ENABLE_STRICT_OBJC_MSGSEND = YES;
				ENABLE_TESTABILITY = YES;
				GCC_C_LANGUAGE_STANDARD = gnu11;
				GCC_DYNAMIC_NO_PIC = NO;
				GCC_NO_COMMON_BLOCKS = YES;
				GCC_OPTIMIZATION_LEVEL = 0;
				GCC_PREPROCESSOR_DEFINITIONS = (
					"DEBUG=1",
					"$(inherited)",
				);
				GCC_WARN_64_TO_32_BIT_CONVERSION = YES;
				GCC_WARN_ABOUT_RETURN_TYPE = YES_ERROR;
				GCC_WARN_UNDECLARED_SELECTOR = YES;
				GCC_WARN_UNINITIALIZED_AUTOS = YES_AGGRESSIVE;
				GCC_WARN_UNUSED_FUNCTION = YES;
				GCC_WARN_UNUSED_VARIABLE = YES;
				IPHONEOS_DEPLOYMENT_TARGET = 13.6;
				MTL_ENABLE_DEBUG_INFO = INCLUDE_SOURCE;
				MTL_FAST_MATH = YES;
				ONLY_ACTIVE_ARCH = YES;
				SDKROOT = iphoneos;
				SWIFT_ACTIVE_COMPILATION_CONDITIONS = DEBUG;
				SWIFT_OPTIMIZATION_LEVEL = "-Onone";
			};
			name = Debug;
		};
		5ED3D18F24DF294100F2F7C4 /* Release */ = {
			isa = XCBuildConfiguration;
			buildSettings = {
				ALWAYS_SEARCH_USER_PATHS = NO;
				CLANG_ANALYZER_NONNULL = YES;
				CLANG_ANALYZER_NUMBER_OBJECT_CONVERSION = YES_AGGRESSIVE;
				CLANG_CXX_LANGUAGE_STANDARD = "gnu++14";
				CLANG_CXX_LIBRARY = "libc++";
				CLANG_ENABLE_MODULES = YES;
				CLANG_ENABLE_OBJC_ARC = YES;
				CLANG_ENABLE_OBJC_WEAK = YES;
				CLANG_WARN_BLOCK_CAPTURE_AUTORELEASING = YES;
				CLANG_WARN_BOOL_CONVERSION = YES;
				CLANG_WARN_COMMA = YES;
				CLANG_WARN_CONSTANT_CONVERSION = YES;
				CLANG_WARN_DEPRECATED_OBJC_IMPLEMENTATIONS = YES;
				CLANG_WARN_DIRECT_OBJC_ISA_USAGE = YES_ERROR;
				CLANG_WARN_DOCUMENTATION_COMMENTS = YES;
				CLANG_WARN_EMPTY_BODY = YES;
				CLANG_WARN_ENUM_CONVERSION = YES;
				CLANG_WARN_INFINITE_RECURSION = YES;
				CLANG_WARN_INT_CONVERSION = YES;
				CLANG_WARN_NON_LITERAL_NULL_CONVERSION = YES;
				CLANG_WARN_OBJC_IMPLICIT_RETAIN_SELF = YES;
				CLANG_WARN_OBJC_LITERAL_CONVERSION = YES;
				CLANG_WARN_OBJC_ROOT_CLASS = YES_ERROR;
				CLANG_WARN_RANGE_LOOP_ANALYSIS = YES;
				CLANG_WARN_STRICT_PROTOTYPES = YES;
				CLANG_WARN_SUSPICIOUS_MOVE = YES;
				CLANG_WARN_UNGUARDED_AVAILABILITY = YES_AGGRESSIVE;
				CLANG_WARN_UNREACHABLE_CODE = YES;
				CLANG_WARN__DUPLICATE_METHOD_MATCH = YES;
				COPY_PHASE_STRIP = NO;
				DEBUG_INFORMATION_FORMAT = "dwarf-with-dsym";
				ENABLE_NS_ASSERTIONS = NO;
				ENABLE_STRICT_OBJC_MSGSEND = YES;
				GCC_C_LANGUAGE_STANDARD = gnu11;
				GCC_NO_COMMON_BLOCKS = YES;
				GCC_WARN_64_TO_32_BIT_CONVERSION = YES;
				GCC_WARN_ABOUT_RETURN_TYPE = YES_ERROR;
				GCC_WARN_UNDECLARED_SELECTOR = YES;
				GCC_WARN_UNINITIALIZED_AUTOS = YES_AGGRESSIVE;
				GCC_WARN_UNUSED_FUNCTION = YES;
				GCC_WARN_UNUSED_VARIABLE = YES;
				IPHONEOS_DEPLOYMENT_TARGET = 13.6;
				MTL_ENABLE_DEBUG_INFO = NO;
				MTL_FAST_MATH = YES;
				SDKROOT = iphoneos;
				SWIFT_COMPILATION_MODE = wholemodule;
				SWIFT_OPTIMIZATION_LEVEL = "-O";
				VALIDATE_PRODUCT = YES;
			};
			name = Release;
		};
		5ED3D19124DF294100F2F7C4 /* Debug */ = {
			isa = XCBuildConfiguration;
			buildSettings = {
				ASSETCATALOG_COMPILER_APPICON_NAME = AppIcon;
				CODE_SIGN_STYLE = Automatic;
				DEVELOPMENT_ASSET_PATHS = "\"Memory/Preview Content\"";
				ENABLE_PREVIEWS = YES;
				INFOPLIST_FILE = Memory/Info.plist;
				LD_RUNPATH_SEARCH_PATHS = (
					"$(inherited)",
					"@executable_path/Frameworks",
				);
				PRODUCT_BUNDLE_IDENTIFIER = none.Memory;
				PRODUCT_NAME = "$(TARGET_NAME)";
				SWIFT_VERSION = 5.0;
				TARGETED_DEVICE_FAMILY = "1,2";
			};
			name = Debug;
		};
		5ED3D19224DF294100F2F7C4 /* Release */ = {
			isa = XCBuildConfiguration;
			buildSettings = {
				ASSETCATALOG_COMPILER_APPICON_NAME = AppIcon;
				CODE_SIGN_STYLE = Automatic;
				DEVELOPMENT_ASSET_PATHS = "\"Memory/Preview Content\"";
				ENABLE_PREVIEWS = YES;
				INFOPLIST_FILE = Memory/Info.plist;
				LD_RUNPATH_SEARCH_PATHS = (
					"$(inherited)",
					"@executable_path/Frameworks",
				);
				PRODUCT_BUNDLE_IDENTIFIER = none.Memory;
				PRODUCT_NAME = "$(TARGET_NAME)";
				SWIFT_VERSION = 5.0;
				TARGETED_DEVICE_FAMILY = "1,2";
			};
			name = Release;
		};
/* End XCBuildConfiguration section */

/* Begin XCConfigurationList section */
		5ED3D17724DF293F00F2F7C4 /* Build configuration list for PBXProject "Memory" */ = {
			isa = XCConfigurationList;
			buildConfigurations = (
				5ED3D18E24DF294100F2F7C4 /* Debug */,
				5ED3D18F24DF294100F2F7C4 /* Release */,
			);
			defaultConfigurationIsVisible = 0;
			defaultConfigurationName = Release;
		};
		5ED3D19024DF294100F2F7C4 /* Build configuration list for PBXNativeTarget "Memory" */ = {
			isa = XCConfigurationList;
			buildConfigurations = (
				5ED3D19124DF294100F2F7C4 /* Debug */,
				5ED3D19224DF294100F2F7C4 /* Release */,
			);
			defaultConfigurationIsVisible = 0;
			defaultConfigurationName = Release;
		};
/* End XCConfigurationList section */
	};
	rootObject = 5ED3D17424DF293F00F2F7C4 /* Project object */;
}
